{
  "nodes": {
    "buildbot-nix": {
      "inputs": {
        "flake-parts": "flake-parts",
        "hercules-ci-effects": "hercules-ci-effects",
        "nixpkgs": "nixpkgs",
        "treefmt-nix": "treefmt-nix"
      },
      "locked": {
        "lastModified": 1768230255,
        "narHash": "sha256-d98+nRSV2X86LcJUDZDAR9wvmmGG1uMzY5/zJdKH9pU=",
        "owner": "nix-community",
        "repo": "buildbot-nix",
        "rev": "6c62d4e0e82b607638b00d6f4f4ad06646342826",
        "type": "github"
      },
      "original": {
        "owner": "nix-community",
        "repo": "buildbot-nix",
        "type": "github"
      }
    },
    "flake-parts": {
      "inputs": {
        "nixpkgs-lib": [
          "buildbot-nix",
          "nixpkgs"
        ]
      },
      "locked": {
        "lastModified": 1767609335,
        "narHash": "sha256-feveD98mQpptwrAEggBQKJTYbvwwglSbOv53uCfH9PY=",
        "owner": "hercules-ci",
        "repo": "flake-parts",
        "rev": "250481aafeb741edfe23d29195671c19b36b6dca",
        "type": "github"
      },
      "original": {
        "owner": "hercules-ci",
        "repo": "flake-parts",
        "type": "github"
      }
    },
    "hercules-ci-effects": {
      "inputs": {
        "flake-parts": [
          "buildbot-nix",
          "flake-parts"
        ],
        "nixpkgs": [
          "buildbot-nix",
          "nixpkgs"
        ]
      },
      "locked": {
        "lastModified": 1765774562,
        "narHash": "sha256-UQhfCggNGDc7eam+EittlYmeW89CZVT1KkFIHZWBH7k=",
        "owner": "hercules-ci",
        "repo": "hercules-ci-effects",
        "rev": "edcbb19948b6caf1700434e369fde6ff9e6a3c93",
        "type": "github"
      },
      "original": {
        "owner": "hercules-ci",
        "repo": "hercules-ci-effects",
        "type": "github"
      }
    },
    "nixpkgs": {
      "locked": {
        "lastModified": 1768207485,
        "narHash": "sha256-4HuteAAt/c9IXq5u2qRRGxYwL/ohww5J/jml6zJPzpw=",
        "ref": "nixos-unstable-small",
        "rev": "8b162715b04e986c97788e1edf254d319681e4ae",
        "shallow": true,
        "type": "git",
        "url": "https://github.com/NixOS/nixpkgs"
      },
      "original": {
        "ref": "nixos-unstable-small",
        "shallow": true,
        "type": "git",
        "url": "https://github.com/NixOS/nixpkgs"
      }
    },
    "nixpkgs_2": {
      "locked": {
        "lastModified": 1764831616,
        "narHash": "sha256-OtzF5wBvO0jgW1WW1rQU9cMGx7zuvkF7CAVJ1ypzkxA=",
        "owner": "NixOS",
        "repo": "nixpkgs",
        "rev": "c97c47f2bac4fa59e2cbdeba289686ae615f8ed4",
        "type": "github"
      },
      "original": {
        "owner": "NixOS",
        "ref": "nixos-25.11",
        "repo": "nixpkgs",
        "type": "github"
      }
    },
    "nixpkgs_3": {
      "locked": {
        "lastModified": 1726871744,
        "narHash": "sha256-V5LpfdHyQkUF7RfOaDPrZDP+oqz88lTJrMT1+stXNwo=",
        "owner": "nixos",
        "repo": "nixpkgs",
        "rev": "a1d92660c6b3b7c26fb883500a80ea9d33321be2",
        "type": "github"
      },
      "original": {
        "owner": "nixos",
        "ref": "nixpkgs-unstable",
        "repo": "nixpkgs",
        "type": "github"
      }
    },
    "root": {
      "inputs": {
        "buildbot-nix": "buildbot-nix",
        "nixpkgs": "nixpkgs_2",
        "treefmt-nix": "treefmt-nix_2"
      }
    },
    "treefmt-nix": {
      "inputs": {
        "nixpkgs": [
          "buildbot-nix",
          "nixpkgs"
        ]
      },
      "locked": {
        "lastModified": 1768031762,
        "narHash": "sha256-b2gJDJfi+TbA7Hu2sKip+1mWqya0GJaWrrXQjpbOVTU=",
        "owner": "numtide",
        "repo": "treefmt-nix",
        "rev": "0c445aa21b01fd1d4bb58927f7b268568af87b20",
        "type": "github"
      },
      "original": {
        "owner": "numtide",
        "repo": "treefmt-nix",
        "type": "github"
      }
    },
    "treefmt-nix_2": {
      "inputs": {
        "nixpkgs": "nixpkgs_3"
      },
      "locked": {
        "lastModified": 1727984844,
        "narHash": "sha256-xpRqITAoD8rHlXQafYZOLvUXCF6cnZkPfoq67ThN0Hc=",
        "owner": "numtide",
        "repo": "treefmt-nix",
        "rev": "4446c7a6fc0775df028c5a3f6727945ba8400e64",
        "type": "github"
      },
      "original": {
        "owner": "numtide",
        "repo": "treefmt-nix",
        "type": "github"
      }
    }
  },
  "root": "root",
  "version": 7
}
